
Microsoft Visual Studio Solution File, Format Version 12.00
# Visual Studio Version 16
VisualStudioVersion = 16.0.32228.343
MinimumVisualStudioVersion = 10.0.40219.1
Project("{8BC9CEB8-8B4A-11D0-8D11-00A0C91BC942}") = "Zaitseva", "Zaitseva\Zaitseva.vcxproj", "{2DC31A99-DD6C-4C84-B921-A2E901383231}"
EndProject
Global
	GlobalSection(SolutionConfigurationPlatforms) = preSolution
		Debug|x64 = Debug|x64
		Debug|x86 = Debug|x86
		Release|x64 = Release|x64
		Release|x86 = Release|x86
	EndGlobalSection
	GlobalSection(ProjectConfigurationPlatforms) = postSolution
		{2DC31A99-DD6C-4C84-B921-A2E901383231}.Debug|x64.ActiveCfg = Debug|x64
		{2DC31A99-DD6C-4C84-B921-A2E901383231}.Debug|x64.Build.0 = Debug|x64
		{2DC31A99-DD6C-4C84-B921-A2E901383231}.Debug|x86.ActiveCfg = Debug|Win32
		{2DC31A99-DD6C-4C84-B921-A2E901383231}.Debug|x86.Build.0 = Debug|Win32
		{2DC31A99-DD6C-4C84-B921-A2E901383231}.Release|x64.ActiveCfg = Release|x64
		{2DC31A99-DD6C-4C84-B921-A2E901383231}.Release|x64.Build.0 = Release|x64
		{2DC31A99-DD6C-4C84-B921-A2E901383231}.Release|x86.ActiveCfg = Release|Win32
		{2DC31A99-DD6C-4C84-B921-A2E901383231}.Release|x86.Build.0 = Release|Win32
	EndGlobalSection
	GlobalSection(SolutionProperties) = preSolution
		HideSolutionNode = FALSE
	EndGlobalSection
	GlobalSection(ExtensibilityGlobals) = postSolution
		SolutionGuid = {49E2D556-D4FF-4509-9D21-44D255842376}
	EndGlobalSection
EndGlobal
